
Microsoft Visual Studio Solution File, Format Version 12.00
# Visual Studio Version 16
VisualStudioVersion = 16.0.31729.503
MinimumVisualStudioVersion = 10.0.40219.1
Project("{FAE04EC0-301F-11D3-BF4B-00C04F79EFBC}") = "JavaReWrite", "JavaReWrite\JavaReWrite.csproj", "{A89AF2DC-9353-4A9E-AEE5-839F5246753A}"
EndProject
Project("{2150E333-8FDC-42A3-9474-1A3956D46DE8}") = "Solution Items", "Solution Items", "{BE1D76AD-78C6-4DAC-935D-B8791FE75B7A}"
EndProject
Project("{FAE04EC0-301F-11D3-BF4B-00C04F79EFBC}") = "JavaReWriteTests1", "JavaReWriteTests1\JavaReWriteTests1.csproj", "{8FFEF6FF-BDBE-4022-97C1-5E214CAB5262}"
EndProject
Global
	GlobalSection(SolutionConfigurationPlatforms) = preSolution
		Debug|Any CPU = Debug|Any CPU
		Release|Any CPU = Release|Any CPU
	EndGlobalSection
	GlobalSection(ProjectConfigurationPlatforms) = postSolution
		{A89AF2DC-9353-4A9E-AEE5-839F5246753A}.Debug|Any CPU.ActiveCfg = Debug|Any CPU
		{A89AF2DC-9353-4A9E-AEE5-839F5246753A}.Debug|Any CPU.Build.0 = Debug|Any CPU
		{A89AF2DC-9353-4A9E-AEE5-839F5246753A}.Release|Any CPU.ActiveCfg = Release|Any CPU
		{A89AF2DC-9353-4A9E-AEE5-839F5246753A}.Release|Any CPU.Build.0 = Release|Any CPU
		{8FFEF6FF-BDBE-4022-97C1-5E214CAB5262}.Debug|Any CPU.ActiveCfg = Debug|Any CPU
		{8FFEF6FF-BDBE-4022-97C1-5E214CAB5262}.Debug|Any CPU.Build.0 = Debug|Any CPU
		{8FFEF6FF-BDBE-4022-97C1-5E214CAB5262}.Release|Any CPU.ActiveCfg = Release|Any CPU
		{8FFEF6FF-BDBE-4022-97C1-5E214CAB5262}.Release|Any CPU.Build.0 = Release|Any CPU
	EndGlobalSection
	GlobalSection(SolutionProperties) = preSolution
		HideSolutionNode = FALSE
	EndGlobalSection
	GlobalSection(ExtensibilityGlobals) = postSolution
		SolutionGuid = {CF5C89C3-2478-403F-B4AE-BDCC15C96F69}
	EndGlobalSection
EndGlobal
